
Microsoft Visual Studio Solution File, Format Version 12.00
# Visual Studio Version 16
VisualStudioVersion = 16.0.31911.196
MinimumVisualStudioVersion = 10.0.40219.1
Project("{FAE04EC0-301F-11D3-BF4B-00C04F79EFBC}") = "JwtApp", "JwtApp\JwtApp.csproj", "{620188C1-099F-42BF-9936-E2431F5C317C}"
EndProject
Global
	GlobalSection(SolutionConfigurationPlatforms) = preSolution
		Debug|Any CPU = Debug|Any CPU
		Release|Any CPU = Release|Any CPU
	EndGlobalSection
	GlobalSection(ProjectConfigurationPlatforms) = postSolution
		{620188C1-099F-42BF-9936-E2431F5C317C}.Debug|Any CPU.ActiveCfg = Debug|Any CPU
		{620188C1-099F-42BF-9936-E2431F5C317C}.Debug|Any CPU.Build.0 = Debug|Any CPU
		{620188C1-099F-42BF-9936-E2431F5C317C}.Release|Any CPU.ActiveCfg = Release|Any CPU
		{620188C1-099F-42BF-9936-E2431F5C317C}.Release|Any CPU.Build.0 = Release|Any CPU
	EndGlobalSection
	GlobalSection(SolutionProperties) = preSolution
		HideSolutionNode = FALSE
	EndGlobalSection
	GlobalSection(ExtensibilityGlobals) = postSolution
		SolutionGuid = {F88732BB-45BC-44A5-BDEC-913D864FD1C7}
	EndGlobalSection
EndGlobal
